
Microsoft Visual Studio Solution File, Format Version 12.00
# Visual Studio 2012
Project("{FAE04EC0-301F-11D3-BF4B-00C04F79EFBC}") = "Ekomsys.Business", "Ekomsys.Business\Ekomsys.Business.csproj", "{2894AE4D-9D62-43EF-9F8D-62E4876E6094}"
EndProject
Project("{FAE04EC0-301F-11D3-BF4B-00C04F79EFBC}") = "Ekomsys.DataAccess", "Ekomsys.DataAccess\Ekomsys.DataAccess.csproj", "{8B12B19C-C217-4584-949E-194055F9A1C2}"
EndProject
Project("{FAE04EC0-301F-11D3-BF4B-00C04F79EFBC}") = "Ekomsys.Common", "Ekomsys.Common\Ekomsys.Common.csproj", "{1CAB7197-DEA8-4D6A-83DA-B5130C6DFAA7}"
EndProject
Project("{FAE04EC0-301F-11D3-BF4B-00C04F79EFBC}") = "Ekomsys.Entities", "Ekomsys.Entities\Ekomsys.Entities.csproj", "{1BBD52A8-A53E-4199-88AA-4968D6D0047D}"
EndProject
Project("{FAE04EC0-301F-11D3-BF4B-00C04F79EFBC}") = "Ekomsys.Web", "Ekomsys.Web\Ekomsys.Web.csproj", "{C075BD46-CF30-4510-8C17-EAEEE2DBDCB1}"
EndProject
Global
	GlobalSection(SolutionConfigurationPlatforms) = preSolution
		Debug|Any CPU = Debug|Any CPU
		Release|Any CPU = Release|Any CPU
	EndGlobalSection
	GlobalSection(ProjectConfigurationPlatforms) = postSolution
		{2894AE4D-9D62-43EF-9F8D-62E4876E6094}.Debug|Any CPU.ActiveCfg = Debug|Any CPU
		{2894AE4D-9D62-43EF-9F8D-62E4876E6094}.Debug|Any CPU.Build.0 = Debug|Any CPU
		{2894AE4D-9D62-43EF-9F8D-62E4876E6094}.Release|Any CPU.ActiveCfg = Release|Any CPU
		{2894AE4D-9D62-43EF-9F8D-62E4876E6094}.Release|Any CPU.Build.0 = Release|Any CPU
		{8B12B19C-C217-4584-949E-194055F9A1C2}.Debug|Any CPU.ActiveCfg = Debug|Any CPU
		{8B12B19C-C217-4584-949E-194055F9A1C2}.Debug|Any CPU.Build.0 = Debug|Any CPU
		{8B12B19C-C217-4584-949E-194055F9A1C2}.Release|Any CPU.ActiveCfg = Release|Any CPU
		{8B12B19C-C217-4584-949E-194055F9A1C2}.Release|Any CPU.Build.0 = Release|Any CPU
		{1CAB7197-DEA8-4D6A-83DA-B5130C6DFAA7}.Debug|Any CPU.ActiveCfg = Debug|Any CPU
		{1CAB7197-DEA8-4D6A-83DA-B5130C6DFAA7}.Debug|Any CPU.Build.0 = Debug|Any CPU
		{1CAB7197-DEA8-4D6A-83DA-B5130C6DFAA7}.Release|Any CPU.ActiveCfg = Release|Any CPU
		{1CAB7197-DEA8-4D6A-83DA-B5130C6DFAA7}.Release|Any CPU.Build.0 = Release|Any CPU
		{1BBD52A8-A53E-4199-88AA-4968D6D0047D}.Debug|Any CPU.ActiveCfg = Debug|Any CPU
		{1BBD52A8-A53E-4199-88AA-4968D6D0047D}.Debug|Any CPU.Build.0 = Debug|Any CPU
		{1BBD52A8-A53E-4199-88AA-4968D6D0047D}.Release|Any CPU.ActiveCfg = Release|Any CPU
		{1BBD52A8-A53E-4199-88AA-4968D6D0047D}.Release|Any CPU.Build.0 = Release|Any CPU
		{C075BD46-CF30-4510-8C17-EAEEE2DBDCB1}.Debug|Any CPU.ActiveCfg = Debug|Any CPU
		{C075BD46-CF30-4510-8C17-EAEEE2DBDCB1}.Debug|Any CPU.Build.0 = Debug|Any CPU
		{C075BD46-CF30-4510-8C17-EAEEE2DBDCB1}.Release|Any CPU.ActiveCfg = Release|Any CPU
		{C075BD46-CF30-4510-8C17-EAEEE2DBDCB1}.Release|Any CPU.Build.0 = Release|Any CPU
	EndGlobalSection
	GlobalSection(SolutionProperties) = preSolution
		HideSolutionNode = FALSE
	EndGlobalSection
EndGlobal
